
Microsoft Visual Studio Solution File, Format Version 12.00
# Visual Studio Version 17
VisualStudioVersion = 17.9.34622.214
MinimumVisualStudioVersion = 10.0.40219.1
Project("{FAE04EC0-301F-11D3-BF4B-00C04F79EFBC}") = "carro01", "carro01\carro01.csproj", "{C539DE86-D301-40C6-A760-673954216817}"
EndProject
Project("{FAE04EC0-301F-11D3-BF4B-00C04F79EFBC}") = "Carro02", "Carro02\Carro02.csproj", "{D069D0EC-9218-43DB-92B1-72640AE6FF5D}"
EndProject
Project("{FAE04EC0-301F-11D3-BF4B-00C04F79EFBC}") = "porta", "porta\porta.csproj", "{794C800D-505F-4CBB-B312-2EAA485CDC49}"
EndProject
Project("{FAE04EC0-301F-11D3-BF4B-00C04F79EFBC}") = "pais", "pais\pais.csproj", "{DA5424FA-2A11-4189-A148-AEF47C50BB17}"
EndProject
Project("{FAE04EC0-301F-11D3-BF4B-00C04F79EFBC}") = "Jogo de tiro", "Jogo de tiro\Jogo de tiro.csproj", "{9A546DC1-744D-4596-B024-555A3FD0FF0C}"
EndProject
Project("{FAE04EC0-301F-11D3-BF4B-00C04F79EFBC}") = "JogodeTiroProfessor", "JogodeTiroProfessor\JogodeTiroProfessor.csproj", "{9F5EA826-8797-499F-A2BA-BE5E2B9B1EB8}"
EndProject
Project("{FAE04EC0-301F-11D3-BF4B-00C04F79EFBC}") = "Lavajato", "carroLavajato\Lavajato.csproj", "{7CE673B5-9AAF-49D6-8B8A-11CC0D2FE85C}"
EndProject
Project("{FAE04EC0-301F-11D3-BF4B-00C04F79EFBC}") = "LavaJato-Grupo02", "..\Estruturas-classes professor\Estruturas-Classes\LavaJato-Grupo02\LavaJato-Grupo02.csproj", "{CC609A7C-03EC-447C-ACFF-59875A53D779}"
EndProject
Project("{FAE04EC0-301F-11D3-BF4B-00C04F79EFBC}") = "ParqueDiversao", "..\Estruturas-classes professor\Estruturas-Classes\ParqueDiversao\ParqueDiversao.csproj", "{81435DDD-6015-474D-B079-69D287F28E3B}"
EndProject
Global
	GlobalSection(SolutionConfigurationPlatforms) = preSolution
		Debug|Any CPU = Debug|Any CPU
		Release|Any CPU = Release|Any CPU
	EndGlobalSection
	GlobalSection(ProjectConfigurationPlatforms) = postSolution
		{C539DE86-D301-40C6-A760-673954216817}.Debug|Any CPU.ActiveCfg = Debug|Any CPU
		{C539DE86-D301-40C6-A760-673954216817}.Debug|Any CPU.Build.0 = Debug|Any CPU
		{C539DE86-D301-40C6-A760-673954216817}.Release|Any CPU.ActiveCfg = Release|Any CPU
		{C539DE86-D301-40C6-A760-673954216817}.Release|Any CPU.Build.0 = Release|Any CPU
		{D069D0EC-9218-43DB-92B1-72640AE6FF5D}.Debug|Any CPU.ActiveCfg = Debug|Any CPU
		{D069D0EC-9218-43DB-92B1-72640AE6FF5D}.Debug|Any CPU.Build.0 = Debug|Any CPU
		{D069D0EC-9218-43DB-92B1-72640AE6FF5D}.Release|Any CPU.ActiveCfg = Release|Any CPU
		{D069D0EC-9218-43DB-92B1-72640AE6FF5D}.Release|Any CPU.Build.0 = Release|Any CPU
		{794C800D-505F-4CBB-B312-2EAA485CDC49}.Debug|Any CPU.ActiveCfg = Debug|Any CPU
		{794C800D-505F-4CBB-B312-2EAA485CDC49}.Debug|Any CPU.Build.0 = Debug|Any CPU
		{794C800D-505F-4CBB-B312-2EAA485CDC49}.Release|Any CPU.ActiveCfg = Release|Any CPU
		{794C800D-505F-4CBB-B312-2EAA485CDC49}.Release|Any CPU.Build.0 = Release|Any CPU
		{DA5424FA-2A11-4189-A148-AEF47C50BB17}.Debug|Any CPU.ActiveCfg = Debug|Any CPU
		{DA5424FA-2A11-4189-A148-AEF47C50BB17}.Debug|Any CPU.Build.0 = Debug|Any CPU
		{DA5424FA-2A11-4189-A148-AEF47C50BB17}.Release|Any CPU.ActiveCfg = Release|Any CPU
		{DA5424FA-2A11-4189-A148-AEF47C50BB17}.Release|Any CPU.Build.0 = Release|Any CPU
		{9A546DC1-744D-4596-B024-555A3FD0FF0C}.Debug|Any CPU.ActiveCfg = Debug|Any CPU
		{9A546DC1-744D-4596-B024-555A3FD0FF0C}.Debug|Any CPU.Build.0 = Debug|Any CPU
		{9A546DC1-744D-4596-B024-555A3FD0FF0C}.Release|Any CPU.ActiveCfg = Release|Any CPU
		{9A546DC1-744D-4596-B024-555A3FD0FF0C}.Release|Any CPU.Build.0 = Release|Any CPU
		{9F5EA826-8797-499F-A2BA-BE5E2B9B1EB8}.Debug|Any CPU.ActiveCfg = Debug|Any CPU
		{9F5EA826-8797-499F-A2BA-BE5E2B9B1EB8}.Debug|Any CPU.Build.0 = Debug|Any CPU
		{9F5EA826-8797-499F-A2BA-BE5E2B9B1EB8}.Release|Any CPU.ActiveCfg = Release|Any CPU
		{9F5EA826-8797-499F-A2BA-BE5E2B9B1EB8}.Release|Any CPU.Build.0 = Release|Any CPU
		{7CE673B5-9AAF-49D6-8B8A-11CC0D2FE85C}.Debug|Any CPU.ActiveCfg = Debug|Any CPU
		{7CE673B5-9AAF-49D6-8B8A-11CC0D2FE85C}.Debug|Any CPU.Build.0 = Debug|Any CPU
		{7CE673B5-9AAF-49D6-8B8A-11CC0D2FE85C}.Release|Any CPU.ActiveCfg = Release|Any CPU
		{7CE673B5-9AAF-49D6-8B8A-11CC0D2FE85C}.Release|Any CPU.Build.0 = Release|Any CPU
		{CC609A7C-03EC-447C-ACFF-59875A53D779}.Debug|Any CPU.ActiveCfg = Debug|Any CPU
		{CC609A7C-03EC-447C-ACFF-59875A53D779}.Debug|Any CPU.Build.0 = Debug|Any CPU
		{CC609A7C-03EC-447C-ACFF-59875A53D779}.Release|Any CPU.ActiveCfg = Release|Any CPU
		{CC609A7C-03EC-447C-ACFF-59875A53D779}.Release|Any CPU.Build.0 = Release|Any CPU
		{81435DDD-6015-474D-B079-69D287F28E3B}.Debug|Any CPU.ActiveCfg = Debug|Any CPU
		{81435DDD-6015-474D-B079-69D287F28E3B}.Debug|Any CPU.Build.0 = Debug|Any CPU
		{81435DDD-6015-474D-B079-69D287F28E3B}.Release|Any CPU.ActiveCfg = Release|Any CPU
		{81435DDD-6015-474D-B079-69D287F28E3B}.Release|Any CPU.Build.0 = Release|Any CPU
	EndGlobalSection
	GlobalSection(SolutionProperties) = preSolution
		HideSolutionNode = FALSE
	EndGlobalSection
	GlobalSection(ExtensibilityGlobals) = postSolution
		SolutionGuid = {C7CE69AF-8C5F-4B59-80D7-E86BB593E8BA}
	EndGlobalSection
EndGlobal
