
Microsoft Visual Studio Solution File, Format Version 12.00
# Visual Studio Version 17
VisualStudioVersion = 17.9.34622.214
MinimumVisualStudioVersion = 10.0.40219.1
Project("{FAE04EC0-301F-11D3-BF4B-00C04F79EFBC}") = "carro01", "carro01\carro01.csproj", "{C539DE86-D301-40C6-A760-673954216817}"
EndProject
Project("{FAE04EC0-301F-11D3-BF4B-00C04F79EFBC}") = "Carro02", "Carro02\Carro02.csproj", "{D069D0EC-9218-43DB-92B1-72640AE6FF5D}"
EndProject
Global
	GlobalSection(SolutionConfigurationPlatforms) = preSolution
		Debug|Any CPU = Debug|Any CPU
		Release|Any CPU = Release|Any CPU
	EndGlobalSection
	GlobalSection(ProjectConfigurationPlatforms) = postSolution
		{C539DE86-D301-40C6-A760-673954216817}.Debug|Any CPU.ActiveCfg = Debug|Any CPU
		{C539DE86-D301-40C6-A760-673954216817}.Debug|Any CPU.Build.0 = Debug|Any CPU
		{C539DE86-D301-40C6-A760-673954216817}.Release|Any CPU.ActiveCfg = Release|Any CPU
		{C539DE86-D301-40C6-A760-673954216817}.Release|Any CPU.Build.0 = Release|Any CPU
		{D069D0EC-9218-43DB-92B1-72640AE6FF5D}.Debug|Any CPU.ActiveCfg = Debug|Any CPU
		{D069D0EC-9218-43DB-92B1-72640AE6FF5D}.Debug|Any CPU.Build.0 = Debug|Any CPU
		{D069D0EC-9218-43DB-92B1-72640AE6FF5D}.Release|Any CPU.ActiveCfg = Release|Any CPU
		{D069D0EC-9218-43DB-92B1-72640AE6FF5D}.Release|Any CPU.Build.0 = Release|Any CPU
	EndGlobalSection
	GlobalSection(SolutionProperties) = preSolution
		HideSolutionNode = FALSE
	EndGlobalSection
	GlobalSection(ExtensibilityGlobals) = postSolution
		SolutionGuid = {C7CE69AF-8C5F-4B59-80D7-E86BB593E8BA}
	EndGlobalSection
EndGlobal
